// !$*UTF8*$!
{
	archiveVersion = 1;
	classes = {
	};
	objectVersion = 77;
	objects = {

/* Begin PBXBuildFile section */
		0B44891BF6F5A9AAD4B3E7CF /* Dependencies.swift in Sources */ = {isa = PBXBuildFile; fileRef = 87A83F32AF14C10AA49161F6 /* Dependencies.swift */; };
		1195A46C96C80469377E9DBF /* AlarmsUITests.swift in Sources */ = {isa = PBXBuildFile; fileRef = A38D1652297D6AE051F5D2C7 /* AlarmsUITests.swift */; };
		5EE8C24CEB42BE45177F402B /* AlarmKitScheduler.swift in Sources */ = {isa = PBXBuildFile; fileRef = 1AB8C6AD30D64F7BB5F2BD47 /* AlarmKitScheduler.swift */; };
		6B7962F1731E152BBCED7696 /* Assets.xcassets in Resources */ = {isa = PBXBuildFile; fileRef = CD10358D4297D739F6D33457 /* Assets.xcassets */; };
		7928AA7FE04A07B473533544 /* Demo.swift in Sources */ = {isa = PBXBuildFile; fileRef = 09FDAE5CCBD05F9BAE5644A0 /* Demo.swift */; };
		837E22D7B1C8370B971B9B36 /* AlarmsWidget.appex in Embed Foundation Extensions */ = {isa = PBXBuildFile; fileRef = 23E603AC5600ACDAB0C86E0D /* AlarmsWidget.appex */; settings = {ATTRIBUTES = (RemoveHeadersOnCopy, ); }; };
		85A87E44C4A4EE885EF64D5B /* AppModel.swift in Sources */ = {isa = PBXBuildFile; fileRef = EB5AB52E6B03EE0B3B1CCA2B /* AppModel.swift */; };
		AB31ED880A43259E46F1BCB6 /* RoutinesView.swift in Sources */ = {isa = PBXBuildFile; fileRef = 1B571278D349722D70FF8D3E /* RoutinesView.swift */; };
		AE552238CA0A61409E1CD5D0 /* AlarmInfo.swift in Sources */ = {isa = PBXBuildFile; fileRef = 23FD542C36135ED632A687A1 /* AlarmInfo.swift */; };
		BAD1171ACB15FA680E814E50 /* AberaAlarmsApp.swift in Sources */ = {isa = PBXBuildFile; fileRef = AF32BE35666133BE9BB5CF35 /* AberaAlarmsApp.swift */; };
		DB15419C87DF8B5D7C88D72E /* AlarmCore in Frameworks */ = {isa = PBXBuildFile; productRef = 5C1DB0A5BDFD4210EC59B6A7 /* AlarmCore */; };
		E615D06F5BDC8331FA418EC9 /* AlarmsWidget.swift in Sources */ = {isa = PBXBuildFile; fileRef = 1E414D4650C857B71B2B474A /* AlarmsWidget.swift */; };
		EA41E2865CC490119C719469 /* PushDelegate.swift in Sources */ = {isa = PBXBuildFile; fileRef = CA375A6D175B012E7A00735A /* PushDelegate.swift */; };
		EE865A5050DC3D50560C7919 /* Views.swift in Sources */ = {isa = PBXBuildFile; fileRef = A783C0B2E1BA54C7B72F43B0 /* Views.swift */; };
		FBBC02525328FB08A3363706 /* AlarmInfo.swift in Sources */ = {isa = PBXBuildFile; fileRef = 23FD542C36135ED632A687A1 /* AlarmInfo.swift */; };
/* End PBXBuildFile section */

/* Begin PBXContainerItemProxy section */
		DB1AB753E0381AEAA33446D3 /* PBXContainerItemProxy */ = {
			isa = PBXContainerItemProxy;
			containerPortal = EE6FD6363B61CE90E81F3A26 /* Project object */;
			proxyType = 1;
			remoteGlobalIDString = C6F3E11EDBFABEF87FF2210D;
			remoteInfo = AberaAlarms;
		};
		F84D6222DED89E3199F0B1B0 /* PBXContainerItemProxy */ = {
			isa = PBXContainerItemProxy;
			containerPortal = EE6FD6363B61CE90E81F3A26 /* Project object */;
			proxyType = 1;
			remoteGlobalIDString = B43497F8755A63906AB997C6;
			remoteInfo = AlarmsWidget;
		};
/* End PBXContainerItemProxy section */

/* Begin PBXCopyFilesBuildPhase section */
		B0BFA3D5159386F1251C2E21 /* Embed Foundation Extensions */ = {
			isa = PBXCopyFilesBuildPhase;
			buildActionMask = 2147483647;
			dstPath = "";
			dstSubfolderSpec = 13;
			files = (
				837E22D7B1C8370B971B9B36 /* AlarmsWidget.appex in Embed Foundation Extensions */,
			);
			name = "Embed Foundation Extensions";
			runOnlyForDeploymentPostprocessing = 0;
		};
/* End PBXCopyFilesBuildPhase section */

/* Begin PBXFileReference section */
		09FDAE5CCBD05F9BAE5644A0 /* Demo.swift */ = {isa = PBXFileReference; lastKnownFileType = sourcecode.swift; path = Demo.swift; sourceTree = "<group>"; };
		1AB8C6AD30D64F7BB5F2BD47 /* AlarmKitScheduler.swift */ = {isa = PBXFileReference; lastKnownFileType = sourcecode.swift; path = AlarmKitScheduler.swift; sourceTree = "<group>"; };
		1B571278D349722D70FF8D3E /* RoutinesView.swift */ = {isa = PBXFileReference; lastKnownFileType = sourcecode.swift; path = RoutinesView.swift; sourceTree = "<group>"; };
		1E414D4650C857B71B2B474A /* AlarmsWidget.swift */ = {isa = PBXFileReference; lastKnownFileType = sourcecode.swift; path = AlarmsWidget.swift; sourceTree = "<group>"; };
		23E603AC5600ACDAB0C86E0D /* AlarmsWidget.appex */ = {isa = PBXFileReference; includeInIndex = 0; lastKnownFileType = "wrapper.app-extension"; path = AlarmsWidget.appex; sourceTree = BUILT_PRODUCTS_DIR; };
		23FD542C36135ED632A687A1 /* AlarmInfo.swift */ = {isa = PBXFileReference; lastKnownFileType = sourcecode.swift; path = AlarmInfo.swift; sourceTree = "<group>"; };
		2BB38860B8B6E179D39318BB /* Info.plist */ = {isa = PBXFileReference; lastKnownFileType = text.plist; path = Info.plist; sourceTree = "<group>"; };
		3C8B5FA7AC8F1C9E2F54CAB4 /* Info.plist */ = {isa = PBXFileReference; lastKnownFileType = text.plist; path = Info.plist; sourceTree = "<group>"; };
		41A62A1C2210F5E236DC124A /* AlarmCore */ = {isa = PBXFileReference; lastKnownFileType = folder; name = AlarmCore; path = Packages/AlarmCore; sourceTree = SOURCE_ROOT; };
		68D589961DE69EA2F1B8E08D /* AberaAlarmsUITests.xctest */ = {isa = PBXFileReference; includeInIndex = 0; lastKnownFileType = wrapper.cfbundle; path = AberaAlarmsUITests.xctest; sourceTree = BUILT_PRODUCTS_DIR; };
		87A83F32AF14C10AA49161F6 /* Dependencies.swift */ = {isa = PBXFileReference; lastKnownFileType = sourcecode.swift; path = Dependencies.swift; sourceTree = "<group>"; };
		A38D1652297D6AE051F5D2C7 /* AlarmsUITests.swift */ = {isa = PBXFileReference; lastKnownFileType = sourcecode.swift; path = AlarmsUITests.swift; sourceTree = "<group>"; };
		A783C0B2E1BA54C7B72F43B0 /* Views.swift */ = {isa = PBXFileReference; lastKnownFileType = sourcecode.swift; path = Views.swift; sourceTree = "<group>"; };
		AF32BE35666133BE9BB5CF35 /* AberaAlarmsApp.swift */ = {isa = PBXFileReference; lastKnownFileType = sourcecode.swift; path = AberaAlarmsApp.swift; sourceTree = "<group>"; };
		B3D757DF0CE2B28CA2EF99FC /* AberaAlarms.entitlements */ = {isa = PBXFileReference; lastKnownFileType = text.plist.entitlements; path = AberaAlarms.entitlements; sourceTree = "<group>"; };
		CA375A6D175B012E7A00735A /* PushDelegate.swift */ = {isa = PBXFileReference; lastKnownFileType = sourcecode.swift; path = PushDelegate.swift; sourceTree = "<group>"; };
		CD10358D4297D739F6D33457 /* Assets.xcassets */ = {isa = PBXFileReference; lastKnownFileType = folder.assetcatalog; path = Assets.xcassets; sourceTree = "<group>"; };
		CF1B80F6CA8CFDF72AEFA15E /* AberaAlarms.app */ = {isa = PBXFileReference; includeInIndex = 0; lastKnownFileType = wrapper.application; path = AberaAlarms.app; sourceTree = BUILT_PRODUCTS_DIR; };
		EB5AB52E6B03EE0B3B1CCA2B /* AppModel.swift */ = {isa = PBXFileReference; lastKnownFileType = sourcecode.swift; path = AppModel.swift; sourceTree = "<group>"; };
/* End PBXFileReference section */

/* Begin PBXFrameworksBuildPhase section */
		55AD1FC520F86E03AC2E2910 /* Frameworks */ = {
			isa = PBXFrameworksBuildPhase;
			buildActionMask = 2147483647;
			files = (
				DB15419C87DF8B5D7C88D72E /* AlarmCore in Frameworks */,
			);
			runOnlyForDeploymentPostprocessing = 0;
		};
/* End PBXFrameworksBuildPhase section */

/* Begin PBXGroup section */
		461318740AA1E8D80A04530A /* AlarmsWidget */ = {
			isa = PBXGroup;
			children = (
				1E414D4650C857B71B2B474A /* AlarmsWidget.swift */,
				2BB38860B8B6E179D39318BB /* Info.plist */,
			);
			path = AlarmsWidget;
			sourceTree = "<group>";
		};
		4E0B97C1CC6F29848BEDBCA3 = {
			isa = PBXGroup;
			children = (
				461318740AA1E8D80A04530A /* AlarmsWidget */,
				6AA06B9EB7C95B939E055BB3 /* App */,
				FBF46A4B9A05CB30FB924CFF /* AppUITests */,
				78E9CF79BA1B11F92AF240AD /* Packages */,
				5B22C016948ECDD1FA26EB1B /* Products */,
			);
			sourceTree = "<group>";
		};
		5B22C016948ECDD1FA26EB1B /* Products */ = {
			isa = PBXGroup;
			children = (
				CF1B80F6CA8CFDF72AEFA15E /* AberaAlarms.app */,
				68D589961DE69EA2F1B8E08D /* AberaAlarmsUITests.xctest */,
				23E603AC5600ACDAB0C86E0D /* AlarmsWidget.appex */,
			);
			name = Products;
			sourceTree = "<group>";
		};
		6AA06B9EB7C95B939E055BB3 /* App */ = {
			isa = PBXGroup;
			children = (
				B3D757DF0CE2B28CA2EF99FC /* AberaAlarms.entitlements */,
				AF32BE35666133BE9BB5CF35 /* AberaAlarmsApp.swift */,
				1AB8C6AD30D64F7BB5F2BD47 /* AlarmKitScheduler.swift */,
				EB5AB52E6B03EE0B3B1CCA2B /* AppModel.swift */,
				CD10358D4297D739F6D33457 /* Assets.xcassets */,
				09FDAE5CCBD05F9BAE5644A0 /* Demo.swift */,
				87A83F32AF14C10AA49161F6 /* Dependencies.swift */,
				3C8B5FA7AC8F1C9E2F54CAB4 /* Info.plist */,
				CA375A6D175B012E7A00735A /* PushDelegate.swift */,
				1B571278D349722D70FF8D3E /* RoutinesView.swift */,
				A783C0B2E1BA54C7B72F43B0 /* Views.swift */,
				B46E6ACFE84102C4B90EAC6A /* Shared */,
			);
			path = App;
			sourceTree = "<group>";
		};
		78E9CF79BA1B11F92AF240AD /* Packages */ = {
			isa = PBXGroup;
			children = (
				41A62A1C2210F5E236DC124A /* AlarmCore */,
			);
			path = Packages;
			sourceTree = "<group>";
		};
		B46E6ACFE84102C4B90EAC6A /* Shared */ = {
			isa = PBXGroup;
			children = (
				23FD542C36135ED632A687A1 /* AlarmInfo.swift */,
			);
			path = Shared;
			sourceTree = "<group>";
		};
		FBF46A4B9A05CB30FB924CFF /* AppUITests */ = {
			isa = PBXGroup;
			children = (
				A38D1652297D6AE051F5D2C7 /* AlarmsUITests.swift */,
			);
			path = AppUITests;
			sourceTree = "<group>";
		};
/* End PBXGroup section */

/* Begin PBXNativeTarget section */
		822F60F08EF77217D5E5660A /* AberaAlarmsUITests */ = {
			isa = PBXNativeTarget;
			buildConfigurationList = A701F61A2E26D580DF1E0565 /* Build configuration list for PBXNativeTarget "AberaAlarmsUITests" */;
			buildPhases = (
				1440FD970D702F073C580B8B /* Sources */,
			);
			buildRules = (
			);
			dependencies = (
				7358B1324469628E7A33E66E /* PBXTargetDependency */,
			);
			name = AberaAlarmsUITests;
			packageProductDependencies = (
			);
			productName = AberaAlarmsUITests;
			productReference = 68D589961DE69EA2F1B8E08D /* AberaAlarmsUITests.xctest */;
			productType = "com.apple.product-type.bundle.ui-testing";
		};
		B43497F8755A63906AB997C6 /* AlarmsWidget */ = {
			isa = PBXNativeTarget;
			buildConfigurationList = C4728C023C4D925FDEDA60E9 /* Build configuration list for PBXNativeTarget "AlarmsWidget" */;
			buildPhases = (
				A4CB1BDFD2C66088B08182CD /* Sources */,
			);
			buildRules = (
			);
			dependencies = (
			);
			name = AlarmsWidget;
			packageProductDependencies = (
			);
			productName = AlarmsWidget;
			productReference = 23E603AC5600ACDAB0C86E0D /* AlarmsWidget.appex */;
			productType = "com.apple.product-type.app-extension";
		};
		C6F3E11EDBFABEF87FF2210D /* AberaAlarms */ = {
			isa = PBXNativeTarget;
			buildConfigurationList = 06A57212B805B701ED578DCD /* Build configuration list for PBXNativeTarget "AberaAlarms" */;
			buildPhases = (
				73923D80A05E6396094D973C /* Sources */,
				846C360985D9EAB55F35CDFC /* Resources */,
				55AD1FC520F86E03AC2E2910 /* Frameworks */,
				B0BFA3D5159386F1251C2E21 /* Embed Foundation Extensions */,
			);
			buildRules = (
			);
			dependencies = (
				B4DEF1E1DDCDAA22DF903CF0 /* PBXTargetDependency */,
			);
			name = AberaAlarms;
			packageProductDependencies = (
				5C1DB0A5BDFD4210EC59B6A7 /* AlarmCore */,
			);
			productName = AberaAlarms;
			productReference = CF1B80F6CA8CFDF72AEFA15E /* AberaAlarms.app */;
			productType = "com.apple.product-type.application";
		};
/* End PBXNativeTarget section */

/* Begin PBXProject section */
		EE6FD6363B61CE90E81F3A26 /* Project object */ = {
			isa = PBXProject;
			attributes = {
				BuildIndependentTargetsInParallel = YES;
				LastUpgradeCheck = 1430;
				TargetAttributes = {
					822F60F08EF77217D5E5660A = {
						ProvisioningStyle = Automatic;
						TestTargetID = C6F3E11EDBFABEF87FF2210D;
					};
					B43497F8755A63906AB997C6 = {
						ProvisioningStyle = Automatic;
					};
					C6F3E11EDBFABEF87FF2210D = {
						ProvisioningStyle = Automatic;
					};
				};
			};
			buildConfigurationList = 07E3697720D84F4647FEA6D6 /* Build configuration list for PBXProject "AberaAlarms" */;
			developmentRegion = en;
			hasScannedForEncodings = 0;
			knownRegions = (
				Base,
				en,
			);
			mainGroup = 4E0B97C1CC6F29848BEDBCA3;
			minimizedProjectReferenceProxies = 1;
			packageReferences = (
				0AE0D2BC833600E4CA28FF9A /* XCLocalSwiftPackageReference "Packages/AlarmCore" */,
			);
			preferredProjectObjectVersion = 77;
			productRefGroup = 5B22C016948ECDD1FA26EB1B /* Products */;
			projectDirPath = "";
			projectRoot = "";
			targets = (
				C6F3E11EDBFABEF87FF2210D /* AberaAlarms */,
				B43497F8755A63906AB997C6 /* AlarmsWidget */,
				822F60F08EF77217D5E5660A /* AberaAlarmsUITests */,
			);
		};
/* End PBXProject section */

/* Begin PBXResourcesBuildPhase section */
		846C360985D9EAB55F35CDFC /* Resources */ = {
			isa = PBXResourcesBuildPhase;
			buildActionMask = 2147483647;
			files = (
				6B7962F1731E152BBCED7696 /* Assets.xcassets in Resources */,
			);
			runOnlyForDeploymentPostprocessing = 0;
		};
/* End PBXResourcesBuildPhase section */

/* Begin PBXSourcesBuildPhase section */
		1440FD970D702F073C580B8B /* Sources */ = {
			isa = PBXSourcesBuildPhase;
			buildActionMask = 2147483647;
			files = (
				1195A46C96C80469377E9DBF /* AlarmsUITests.swift in Sources */,
			);
			runOnlyForDeploymentPostprocessing = 0;
		};
		73923D80A05E6396094D973C /* Sources */ = {
			isa = PBXSourcesBuildPhase;
			buildActionMask = 2147483647;
			files = (
				BAD1171ACB15FA680E814E50 /* AberaAlarmsApp.swift in Sources */,
				AE552238CA0A61409E1CD5D0 /* AlarmInfo.swift in Sources */,
				5EE8C24CEB42BE45177F402B /* AlarmKitScheduler.swift in Sources */,
				85A87E44C4A4EE885EF64D5B /* AppModel.swift in Sources */,
				7928AA7FE04A07B473533544 /* Demo.swift in Sources */,
				0B44891BF6F5A9AAD4B3E7CF /* Dependencies.swift in Sources */,
				EA41E2865CC490119C719469 /* PushDelegate.swift in Sources */,
				AB31ED880A43259E46F1BCB6 /* RoutinesView.swift in Sources */,
				EE865A5050DC3D50560C7919 /* Views.swift in Sources */,
			);
			runOnlyForDeploymentPostprocessing = 0;
		};
		A4CB1BDFD2C66088B08182CD /* Sources */ = {
			isa = PBXSourcesBuildPhase;
			buildActionMask = 2147483647;
			files = (
				FBBC02525328FB08A3363706 /* AlarmInfo.swift in Sources */,
				E615D06F5BDC8331FA418EC9 /* AlarmsWidget.swift in Sources */,
			);
			runOnlyForDeploymentPostprocessing = 0;
		};
/* End PBXSourcesBuildPhase section */

/* Begin PBXTargetDependency section */
		7358B1324469628E7A33E66E /* PBXTargetDependency */ = {
			isa = PBXTargetDependency;
			target = C6F3E11EDBFABEF87FF2210D /* AberaAlarms */;
			targetProxy = DB1AB753E0381AEAA33446D3 /* PBXContainerItemProxy */;
		};
		B4DEF1E1DDCDAA22DF903CF0 /* PBXTargetDependency */ = {
			isa = PBXTargetDependency;
			target = B43497F8755A63906AB997C6 /* AlarmsWidget */;
			targetProxy = F84D6222DED89E3199F0B1B0 /* PBXContainerItemProxy */;
		};
/* End PBXTargetDependency section */

/* Begin XCBuildConfiguration section */
		07E9F1C21F8E4967E5C5BD70 /* Debug */ = {
			isa = XCBuildConfiguration;
			buildSettings = {
				INFOPLIST_FILE = AlarmsWidget/Info.plist;
				LD_RUNPATH_SEARCH_PATHS = (
					"$(inherited)",
					"@executable_path/Frameworks",
					"@executable_path/../../Frameworks",
				);
				PRODUCT_BUNDLE_IDENTIFIER = tech.abera.alarms.widget;
				SDKROOT = iphoneos;
				SKIP_INSTALL = YES;
				TARGETED_DEVICE_FAMILY = 1;
			};
			name = Debug;
		};
		3DB2AE1D974CD74A6CD9E640 /* Release */ = {
			isa = XCBuildConfiguration;
			buildSettings = {
				BUNDLE_LOADER = "$(TEST_HOST)";
				GENERATE_INFOPLIST_FILE = YES;
				LD_RUNPATH_SEARCH_PATHS = (
					"$(inherited)",
					"@executable_path/Frameworks",
					"@loader_path/Frameworks",
				);
				PRODUCT_BUNDLE_IDENTIFIER = tech.abera.alarms.uitests;
				SDKROOT = iphoneos;
				TARGETED_DEVICE_FAMILY = "1,2";
				TEST_TARGET_NAME = AberaAlarms;
			};
			name = Release;
		};
		55BD68C4D97A3069CAC81108 /* Debug */ = {
			isa = XCBuildConfiguration;
			buildSettings = {
				ALWAYS_SEARCH_USER_PATHS = NO;
				CLANG_ANALYZER_NONNULL = YES;
				CLANG_ANALYZER_NUMBER_OBJECT_CONVERSION = YES_AGGRESSIVE;
				CLANG_CXX_LANGUAGE_STANDARD = "gnu++14";
				CLANG_CXX_LIBRARY = "libc++";
				CLANG_ENABLE_MODULES = YES;
				CLANG_ENABLE_OBJC_ARC = YES;
				CLANG_ENABLE_OBJC_WEAK = YES;
				CLANG_WARN_BLOCK_CAPTURE_AUTORELEASING = YES;
				CLANG_WARN_BOOL_CONVERSION = YES;
				CLANG_WARN_COMMA = YES;
				CLANG_WARN_CONSTANT_CONVERSION = YES;
				CLANG_WARN_DEPRECATED_OBJC_IMPLEMENTATIONS = YES;
				CLANG_WARN_DIRECT_OBJC_ISA_USAGE = YES_ERROR;
				CLANG_WARN_DOCUMENTATION_COMMENTS = YES;
				CLANG_WARN_EMPTY_BODY = YES;
				CLANG_WARN_ENUM_CONVERSION = YES;
				CLANG_WARN_INFINITE_RECURSION = YES;
				CLANG_WARN_INT_CONVERSION = YES;
				CLANG_WARN_NON_LITERAL_NULL_CONVERSION = YES;
				CLANG_WARN_OBJC_IMPLICIT_RETAIN_SELF = YES;
				CLANG_WARN_OBJC_LITERAL_CONVERSION = YES;
				CLANG_WARN_OBJC_ROOT_CLASS = YES_ERROR;
				CLANG_WARN_QUOTED_INCLUDE_IN_FRAMEWORK_HEADER = YES;
				CLANG_WARN_RANGE_LOOP_ANALYSIS = YES;
				CLANG_WARN_STRICT_PROTOTYPES = YES;
				CLANG_WARN_SUSPICIOUS_MOVE = YES;
				CLANG_WARN_UNGUARDED_AVAILABILITY = YES_AGGRESSIVE;
				CLANG_WARN_UNREACHABLE_CODE = YES;
				CLANG_WARN__DUPLICATE_METHOD_MATCH = YES;
				CODE_SIGN_STYLE = Automatic;
				COPY_PHASE_STRIP = NO;
				CURRENT_PROJECT_VERSION = 1;
				DEAD_CODE_STRIPPING = YES;
				DEBUG_INFORMATION_FORMAT = dwarf;
				ENABLE_STRICT_OBJC_MSGSEND = YES;
				ENABLE_TESTABILITY = YES;
				ENABLE_USER_SCRIPT_SANDBOXING = YES;
				GCC_C_LANGUAGE_STANDARD = gnu11;
				GCC_DYNAMIC_NO_PIC = NO;
				GCC_NO_COMMON_BLOCKS = YES;
				GCC_OPTIMIZATION_LEVEL = 0;
				GCC_PREPROCESSOR_DEFINITIONS = (
					"$(inherited)",
					"DEBUG=1",
				);
				GCC_TREAT_WARNINGS_AS_ERRORS = YES;
				GCC_WARN_64_TO_32_BIT_CONVERSION = YES;
				GCC_WARN_ABOUT_RETURN_TYPE = YES_ERROR;
				GCC_WARN_UNDECLARED_SELECTOR = YES;
				GCC_WARN_UNINITIALIZED_AUTOS = YES_AGGRESSIVE;
				GCC_WARN_UNUSED_FUNCTION = YES;
				GCC_WARN_UNUSED_VARIABLE = YES;
				IPHONEOS_DEPLOYMENT_TARGET = 26.1;
				MARKETING_VERSION = 0.0.0;
				MTL_ENABLE_DEBUG_INFO = INCLUDE_SOURCE;
				MTL_FAST_MATH = YES;
				ONLY_ACTIVE_ARCH = YES;
				PRODUCT_NAME = "$(TARGET_NAME)";
				SDKROOT = iphoneos;
				SWIFT_ACTIVE_COMPILATION_CONDITIONS = DEBUG;
				SWIFT_OPTIMIZATION_LEVEL = "-Onone";
				SWIFT_STRICT_CONCURRENCY = complete;
				SWIFT_TREAT_WARNINGS_AS_ERRORS = YES;
				SWIFT_VERSION = 6.0;
			};
			name = Debug;
		};
		98BA58A3AD482B51AE2BBBA2 /* Debug */ = {
			isa = XCBuildConfiguration;
			buildSettings = {
				ASSETCATALOG_COMPILER_APPICON_NAME = AppIcon;
				ASSETCATALOG_COMPILER_GLOBAL_ACCENT_COLOR_NAME = AccentColor;
				CODE_SIGN_ENTITLEMENTS = App/AberaAlarms.entitlements;
				CODE_SIGN_IDENTITY = "iPhone Developer";
				ENABLE_PREVIEWS = YES;
				INFOPLIST_FILE = App/Info.plist;
				LD_RUNPATH_SEARCH_PATHS = (
					"$(inherited)",
					"@executable_path/Frameworks",
				);
				PRODUCT_BUNDLE_IDENTIFIER = tech.abera.alarms;
				SDKROOT = iphoneos;
				TARGETED_DEVICE_FAMILY = 1;
			};
			name = Debug;
		};
		BAD2ABCA2810CB77BD5F035E /* Release */ = {
			isa = XCBuildConfiguration;
			buildSettings = {
				ALWAYS_SEARCH_USER_PATHS = NO;
				CLANG_ANALYZER_NONNULL = YES;
				CLANG_ANALYZER_NUMBER_OBJECT_CONVERSION = YES_AGGRESSIVE;
				CLANG_CXX_LANGUAGE_STANDARD = "gnu++14";
				CLANG_CXX_LIBRARY = "libc++";
				CLANG_ENABLE_MODULES = YES;
				CLANG_ENABLE_OBJC_ARC = YES;
				CLANG_ENABLE_OBJC_WEAK = YES;
				CLANG_WARN_BLOCK_CAPTURE_AUTORELEASING = YES;
				CLANG_WARN_BOOL_CONVERSION = YES;
				CLANG_WARN_COMMA = YES;
				CLANG_WARN_CONSTANT_CONVERSION = YES;
				CLANG_WARN_DEPRECATED_OBJC_IMPLEMENTATIONS = YES;
				CLANG_WARN_DIRECT_OBJC_ISA_USAGE = YES_ERROR;
				CLANG_WARN_DOCUMENTATION_COMMENTS = YES;
				CLANG_WARN_EMPTY_BODY = YES;
				CLANG_WARN_ENUM_CONVERSION = YES;
				CLANG_WARN_INFINITE_RECURSION = YES;
				CLANG_WARN_INT_CONVERSION = YES;
				CLANG_WARN_NON_LITERAL_NULL_CONVERSION = YES;
				CLANG_WARN_OBJC_IMPLICIT_RETAIN_SELF = YES;
				CLANG_WARN_OBJC_LITERAL_CONVERSION = YES;
				CLANG_WARN_OBJC_ROOT_CLASS = YES_ERROR;
				CLANG_WARN_QUOTED_INCLUDE_IN_FRAMEWORK_HEADER = YES;
				CLANG_WARN_RANGE_LOOP_ANALYSIS = YES;
				CLANG_WARN_STRICT_PROTOTYPES = YES;
				CLANG_WARN_SUSPICIOUS_MOVE = YES;
				CLANG_WARN_UNGUARDED_AVAILABILITY = YES_AGGRESSIVE;
				CLANG_WARN_UNREACHABLE_CODE = YES;
				CLANG_WARN__DUPLICATE_METHOD_MATCH = YES;
				CODE_SIGN_STYLE = Automatic;
				COPY_PHASE_STRIP = NO;
				CURRENT_PROJECT_VERSION = 1;
				DEAD_CODE_STRIPPING = YES;
				DEBUG_INFORMATION_FORMAT = "dwarf-with-dsym";
				ENABLE_NS_ASSERTIONS = NO;
				ENABLE_STRICT_OBJC_MSGSEND = YES;
				ENABLE_USER_SCRIPT_SANDBOXING = YES;
				GCC_C_LANGUAGE_STANDARD = gnu11;
				GCC_NO_COMMON_BLOCKS = YES;
				GCC_TREAT_WARNINGS_AS_ERRORS = YES;
				GCC_WARN_64_TO_32_BIT_CONVERSION = YES;
				GCC_WARN_ABOUT_RETURN_TYPE = YES_ERROR;
				GCC_WARN_UNDECLARED_SELECTOR = YES;
				GCC_WARN_UNINITIALIZED_AUTOS = YES_AGGRESSIVE;
				GCC_WARN_UNUSED_FUNCTION = YES;
				GCC_WARN_UNUSED_VARIABLE = YES;
				IPHONEOS_DEPLOYMENT_TARGET = 26.1;
				MARKETING_VERSION = 0.0.0;
				MTL_ENABLE_DEBUG_INFO = NO;
				MTL_FAST_MATH = YES;
				PRODUCT_NAME = "$(TARGET_NAME)";
				SDKROOT = iphoneos;
				SWIFT_COMPILATION_MODE = wholemodule;
				SWIFT_OPTIMIZATION_LEVEL = "-O";
				SWIFT_STRICT_CONCURRENCY = complete;
				SWIFT_TREAT_WARNINGS_AS_ERRORS = YES;
				SWIFT_VERSION = 6.0;
			};
			name = Release;
		};
		D0DF0344B0FFB18F69A394F8 /* Release */ = {
			isa = XCBuildConfiguration;
			buildSettings = {
				ASSETCATALOG_COMPILER_APPICON_NAME = AppIcon;
				ASSETCATALOG_COMPILER_GLOBAL_ACCENT_COLOR_NAME = AccentColor;
				CODE_SIGN_ENTITLEMENTS = App/AberaAlarms.entitlements;
				CODE_SIGN_IDENTITY = "iPhone Developer";
				ENABLE_PREVIEWS = YES;
				INFOPLIST_FILE = App/Info.plist;
				LD_RUNPATH_SEARCH_PATHS = (
					"$(inherited)",
					"@executable_path/Frameworks",
				);
				PRODUCT_BUNDLE_IDENTIFIER = tech.abera.alarms;
				SDKROOT = iphoneos;
				TARGETED_DEVICE_FAMILY = 1;
			};
			name = Release;
		};
		F53DCD826DA419B636851F68 /* Debug */ = {
			isa = XCBuildConfiguration;
			buildSettings = {
				BUNDLE_LOADER = "$(TEST_HOST)";
				GENERATE_INFOPLIST_FILE = YES;
				LD_RUNPATH_SEARCH_PATHS = (
					"$(inherited)",
					"@executable_path/Frameworks",
					"@loader_path/Frameworks",
				);
				PRODUCT_BUNDLE_IDENTIFIER = tech.abera.alarms.uitests;
				SDKROOT = iphoneos;
				TARGETED_DEVICE_FAMILY = "1,2";
				TEST_TARGET_NAME = AberaAlarms;
			};
			name = Debug;
		};
		FF30783AF7AA9FFC74922932 /* Release */ = {
			isa = XCBuildConfiguration;
			buildSettings = {
				INFOPLIST_FILE = AlarmsWidget/Info.plist;
				LD_RUNPATH_SEARCH_PATHS = (
					"$(inherited)",
					"@executable_path/Frameworks",
					"@executable_path/../../Frameworks",
				);
				PRODUCT_BUNDLE_IDENTIFIER = tech.abera.alarms.widget;
				SDKROOT = iphoneos;
				SKIP_INSTALL = YES;
				TARGETED_DEVICE_FAMILY = 1;
			};
			name = Release;
		};
/* End XCBuildConfiguration section */

/* Begin XCConfigurationList section */
		06A57212B805B701ED578DCD /* Build configuration list for PBXNativeTarget "AberaAlarms" */ = {
			isa = XCConfigurationList;
			buildConfigurations = (
				98BA58A3AD482B51AE2BBBA2 /* Debug */,
				D0DF0344B0FFB18F69A394F8 /* Release */,
			);
			defaultConfigurationIsVisible = 0;
			defaultConfigurationName = Debug;
		};
		07E3697720D84F4647FEA6D6 /* Build configuration list for PBXProject "AberaAlarms" */ = {
			isa = XCConfigurationList;
			buildConfigurations = (
				55BD68C4D97A3069CAC81108 /* Debug */,
				BAD2ABCA2810CB77BD5F035E /* Release */,
			);
			defaultConfigurationIsVisible = 0;
			defaultConfigurationName = Debug;
		};
		A701F61A2E26D580DF1E0565 /* Build configuration list for PBXNativeTarget "AberaAlarmsUITests" */ = {
			isa = XCConfigurationList;
			buildConfigurations = (
				F53DCD826DA419B636851F68 /* Debug */,
				3DB2AE1D974CD74A6CD9E640 /* Release */,
			);
			defaultConfigurationIsVisible = 0;
			defaultConfigurationName = Debug;
		};
		C4728C023C4D925FDEDA60E9 /* Build configuration list for PBXNativeTarget "AlarmsWidget" */ = {
			isa = XCConfigurationList;
			buildConfigurations = (
				07E9F1C21F8E4967E5C5BD70 /* Debug */,
				FF30783AF7AA9FFC74922932 /* Release */,
			);
			defaultConfigurationIsVisible = 0;
			defaultConfigurationName = Debug;
		};
/* End XCConfigurationList section */

/* Begin XCLocalSwiftPackageReference section */
		0AE0D2BC833600E4CA28FF9A /* XCLocalSwiftPackageReference "Packages/AlarmCore" */ = {
			isa = XCLocalSwiftPackageReference;
			relativePath = Packages/AlarmCore;
		};
/* End XCLocalSwiftPackageReference section */

/* Begin XCSwiftPackageProductDependency section */
		5C1DB0A5BDFD4210EC59B6A7 /* AlarmCore */ = {
			isa = XCSwiftPackageProductDependency;
			productName = AlarmCore;
		};
/* End XCSwiftPackageProductDependency section */
	};
	rootObject = EE6FD6363B61CE90E81F3A26 /* Project object */;
}
